
Microsoft Visual Studio Solution File, Format Version 12.00
# Visual Studio Version 16
VisualStudioVersion = 16.0.28803.452
MinimumVisualStudioVersion = 15.0.26124.0
Project("{9A19103F-16F7-4668-BE54-9A1E7A4F7556}") = "IdentityModel.AspNetCore", "src\IdentityModel.AspNetCore.csproj", "{C7C805C1-6D28-4179-8447-16CE0A3ECF41}"
EndProject
Project("{2150E333-8FDC-42A3-9474-1A3956D46DE8}") = "src", "src", "{054D2D66-9974-4D6C-B3EA-6AF0086B7EA7}"
EndProject
Project("{2150E333-8FDC-42A3-9474-1A3956D46DE8}") = "samples", "samples", "{B8F1A24B-007A-4735-B33E-9528662EDCAD}"
EndProject
Project("{9A19103F-16F7-4668-BE54-9A1E7A4F7556}") = "TokenManagement3", "samples\TokenManagement3\TokenManagement3.csproj", "{7BF76B2C-3D3B-4B54-A7A4-9311E959BEDE}"
EndProject
Project("{2150E333-8FDC-42A3-9474-1A3956D46DE8}") = "test", "test", "{A7311E40-E3DC-4FE8-906C-FC943B7E7444}"
EndProject
Project("{9A19103F-16F7-4668-BE54-9A1E7A4F7556}") = "Tests", "test\Tests\Tests.csproj", "{A891D28E-52E0-4B93-BE47-92DE2B9CB655}"
EndProject
Project("{FAE04EC0-301F-11D3-BF4B-00C04F79EFBC}") = "WorkerService", "samples\WorkerService\WorkerService.csproj", "{F44432B9-0846-4A2A-80B8-6B121A1D8C38}"
EndProject
Global
	GlobalSection(SolutionConfigurationPlatforms) = preSolution
		Debug|Any CPU = Debug|Any CPU
		Debug|x64 = Debug|x64
		Debug|x86 = Debug|x86
		Release|Any CPU = Release|Any CPU
		Release|x64 = Release|x64
		Release|x86 = Release|x86
	EndGlobalSection
	GlobalSection(ProjectConfigurationPlatforms) = postSolution
		{C7C805C1-6D28-4179-8447-16CE0A3ECF41}.Debug|Any CPU.ActiveCfg = Debug|Any CPU
		{C7C805C1-6D28-4179-8447-16CE0A3ECF41}.Debug|Any CPU.Build.0 = Debug|Any CPU
		{C7C805C1-6D28-4179-8447-16CE0A3ECF41}.Debug|x64.ActiveCfg = Debug|Any CPU
		{C7C805C1-6D28-4179-8447-16CE0A3ECF41}.Debug|x64.Build.0 = Debug|Any CPU
		{C7C805C1-6D28-4179-8447-16CE0A3ECF41}.Debug|x86.ActiveCfg = Debug|Any CPU
		{C7C805C1-6D28-4179-8447-16CE0A3ECF41}.Debug|x86.Build.0 = Debug|Any CPU
		{C7C805C1-6D28-4179-8447-16CE0A3ECF41}.Release|Any CPU.ActiveCfg = Release|Any CPU
		{C7C805C1-6D28-4179-8447-16CE0A3ECF41}.Release|Any CPU.Build.0 = Release|Any CPU
		{C7C805C1-6D28-4179-8447-16CE0A3ECF41}.Release|x64.ActiveCfg = Release|Any CPU
		{C7C805C1-6D28-4179-8447-16CE0A3ECF41}.Release|x64.Build.0 = Release|Any CPU
		{C7C805C1-6D28-4179-8447-16CE0A3ECF41}.Release|x86.ActiveCfg = Release|Any CPU
		{C7C805C1-6D28-4179-8447-16CE0A3ECF41}.Release|x86.Build.0 = Release|Any CPU
		{7BF76B2C-3D3B-4B54-A7A4-9311E959BEDE}.Debug|Any CPU.ActiveCfg = Debug|Any CPU
		{7BF76B2C-3D3B-4B54-A7A4-9311E959BEDE}.Debug|Any CPU.Build.0 = Debug|Any CPU
		{7BF76B2C-3D3B-4B54-A7A4-9311E959BEDE}.Debug|x64.ActiveCfg = Debug|Any CPU
		{7BF76B2C-3D3B-4B54-A7A4-9311E959BEDE}.Debug|x64.Build.0 = Debug|Any CPU
		{7BF76B2C-3D3B-4B54-A7A4-9311E959BEDE}.Debug|x86.ActiveCfg = Debug|Any CPU
		{7BF76B2C-3D3B-4B54-A7A4-9311E959BEDE}.Debug|x86.Build.0 = Debug|Any CPU
		{7BF76B2C-3D3B-4B54-A7A4-9311E959BEDE}.Release|Any CPU.ActiveCfg = Release|Any CPU
		{7BF76B2C-3D3B-4B54-A7A4-9311E959BEDE}.Release|Any CPU.Build.0 = Release|Any CPU
		{7BF76B2C-3D3B-4B54-A7A4-9311E959BEDE}.Release|x64.ActiveCfg = Release|Any CPU
		{7BF76B2C-3D3B-4B54-A7A4-9311E959BEDE}.Release|x64.Build.0 = Release|Any CPU
		{7BF76B2C-3D3B-4B54-A7A4-9311E959BEDE}.Release|x86.ActiveCfg = Release|Any CPU
		{7BF76B2C-3D3B-4B54-A7A4-9311E959BEDE}.Release|x86.Build.0 = Release|Any CPU
		{A891D28E-52E0-4B93-BE47-92DE2B9CB655}.Debug|Any CPU.ActiveCfg = Debug|Any CPU
		{A891D28E-52E0-4B93-BE47-92DE2B9CB655}.Debug|Any CPU.Build.0 = Debug|Any CPU
		{A891D28E-52E0-4B93-BE47-92DE2B9CB655}.Debug|x64.ActiveCfg = Debug|Any CPU
		{A891D28E-52E0-4B93-BE47-92DE2B9CB655}.Debug|x64.Build.0 = Debug|Any CPU
		{A891D28E-52E0-4B93-BE47-92DE2B9CB655}.Debug|x86.ActiveCfg = Debug|Any CPU
		{A891D28E-52E0-4B93-BE47-92DE2B9CB655}.Debug|x86.Build.0 = Debug|Any CPU
		{A891D28E-52E0-4B93-BE47-92DE2B9CB655}.Release|Any CPU.ActiveCfg = Release|Any CPU
		{A891D28E-52E0-4B93-BE47-92DE2B9CB655}.Release|Any CPU.Build.0 = Release|Any CPU
		{A891D28E-52E0-4B93-BE47-92DE2B9CB655}.Release|x64.ActiveCfg = Release|Any CPU
		{A891D28E-52E0-4B93-BE47-92DE2B9CB655}.Release|x64.Build.0 = Release|Any CPU
		{A891D28E-52E0-4B93-BE47-92DE2B9CB655}.Release|x86.ActiveCfg = Release|Any CPU
		{A891D28E-52E0-4B93-BE47-92DE2B9CB655}.Release|x86.Build.0 = Release|Any CPU
		{F44432B9-0846-4A2A-80B8-6B121A1D8C38}.Debug|Any CPU.ActiveCfg = Debug|Any CPU
		{F44432B9-0846-4A2A-80B8-6B121A1D8C38}.Debug|Any CPU.Build.0 = Debug|Any CPU
		{F44432B9-0846-4A2A-80B8-6B121A1D8C38}.Debug|x64.ActiveCfg = Debug|Any CPU
		{F44432B9-0846-4A2A-80B8-6B121A1D8C38}.Debug|x64.Build.0 = Debug|Any CPU
		{F44432B9-0846-4A2A-80B8-6B121A1D8C38}.Debug|x86.ActiveCfg = Debug|Any CPU
		{F44432B9-0846-4A2A-80B8-6B121A1D8C38}.Debug|x86.Build.0 = Debug|Any CPU
		{F44432B9-0846-4A2A-80B8-6B121A1D8C38}.Release|Any CPU.ActiveCfg = Release|Any CPU
		{F44432B9-0846-4A2A-80B8-6B121A1D8C38}.Release|Any CPU.Build.0 = Release|Any CPU
		{F44432B9-0846-4A2A-80B8-6B121A1D8C38}.Release|x64.ActiveCfg = Release|Any CPU
		{F44432B9-0846-4A2A-80B8-6B121A1D8C38}.Release|x64.Build.0 = Release|Any CPU
		{F44432B9-0846-4A2A-80B8-6B121A1D8C38}.Release|x86.ActiveCfg = Release|Any CPU
		{F44432B9-0846-4A2A-80B8-6B121A1D8C38}.Release|x86.Build.0 = Release|Any CPU
	EndGlobalSection
	GlobalSection(SolutionProperties) = preSolution
		HideSolutionNode = FALSE
	EndGlobalSection
	GlobalSection(NestedProjects) = preSolution
		{C7C805C1-6D28-4179-8447-16CE0A3ECF41} = {054D2D66-9974-4D6C-B3EA-6AF0086B7EA7}
		{7BF76B2C-3D3B-4B54-A7A4-9311E959BEDE} = {B8F1A24B-007A-4735-B33E-9528662EDCAD}
		{A891D28E-52E0-4B93-BE47-92DE2B9CB655} = {A7311E40-E3DC-4FE8-906C-FC943B7E7444}
		{F44432B9-0846-4A2A-80B8-6B121A1D8C38} = {B8F1A24B-007A-4735-B33E-9528662EDCAD}
	EndGlobalSection
	GlobalSection(ExtensibilityGlobals) = postSolution
		SolutionGuid = {7A4E29A0-CAE8-45E9-817B-AF126F85EE15}
	EndGlobalSection
EndGlobal
